// !$*UTF8*$!
{
	archiveVersion = 1;
	classes = {
	};
	objectVersion = 46;
	objects = {

/* Begin PBXBuildFile section */
		2A2DA1F91ABBC71700D759EC /* SLAlertView.m in Sources */ = {isa = PBXBuildFile; fileRef = 2A2DA1F81ABBC71700D759EC /* SLAlertView.m */; };
/* End PBXBuildFile section */

/* Begin PBXCopyFilesBuildPhase section */
		2A832DE01ABAB4750067F824 /* CopyFiles */ = {
			isa = PBXCopyFilesBuildPhase;
			buildActionMask = 2147483647;
			dstPath = "include/$(PRODUCT_NAME)";
			dstSubfolderSpec = 16;
			files = (
			);
			runOnlyForDeploymentPostprocessing = 0;
		};
/* End PBXCopyFilesBuildPhase section */

/* Begin PBXFileReference section */
		2A2DA1F61ABBC71700D759EC /* SLAlertView.bundle */ = {isa = PBXFileReference; lastKnownFileType = "wrapper.plug-in"; path = SLAlertView.bundle; sourceTree = "<group>"; };
		2A2DA1F71ABBC71700D759EC /* SLAlertView.h */ = {isa = PBXFileReference; fileEncoding = 4; lastKnownFileType = sourcecode.c.h; path = SLAlertView.h; sourceTree = "<group>"; };
		2A2DA1F81ABBC71700D759EC /* SLAlertView.m */ = {isa = PBXFileReference; fileEncoding = 4; lastKnownFileType = sourcecode.c.objc; path = SLAlertView.m; sourceTree = "<group>"; };
		2A832DE21ABAB4750067F824 /* libSLAlertView.a */ = {isa = PBXFileReference; explicitFileType = archive.ar; includeInIndex = 0; path = libSLAlertView.a; sourceTree = BUILT_PRODUCTS_DIR; };
/* End PBXFileReference section */

/* Begin PBXFrameworksBuildPhase section */
		2A832DDF1ABAB4750067F824 /* Frameworks */ = {
			isa = PBXFrameworksBuildPhase;
			buildActionMask = 2147483647;
			files = (
			);
			runOnlyForDeploymentPostprocessing = 0;
		};
/* End PBXFrameworksBuildPhase section */

/* Begin PBXGroup section */
		2A832DD91ABAB4750067F824 = {
			isa = PBXGroup;
			children = (
				2A832DE41ABAB4750067F824 /* SLAlertView */,
				2A832DE31ABAB4750067F824 /* Products */,
			);
			sourceTree = "<group>";
		};
		2A832DE31ABAB4750067F824 /* Products */ = {
			isa = PBXGroup;
			children = (
				2A832DE21ABAB4750067F824 /* libSLAlertView.a */,
			);
			name = Products;
			sourceTree = "<group>";
		};
		2A832DE41ABAB4750067F824 /* SLAlertView */ = {
			isa = PBXGroup;
			children = (
				2A2DA1F61ABBC71700D759EC /* SLAlertView.bundle */,
				2A2DA1F71ABBC71700D759EC /* SLAlertView.h */,
				2A2DA1F81ABBC71700D759EC /* SLAlertView.m */,
			);
			path = SLAlertView;
			sourceTree = "<group>";
		};
/* End PBXGroup section */

/* Begin PBXNativeTarget section */
		2A832DE11ABAB4750067F824 /* SLAlertView */ = {
			isa = PBXNativeTarget;
			buildConfigurationList = 2A832DF61ABAB4750067F824 /* Build configuration list for PBXNativeTarget "SLAlertView" */;
			buildPhases = (
				2A832DDE1ABAB4750067F824 /* Sources */,
				2A832DDF1ABAB4750067F824 /* Frameworks */,
				2A832DE01ABAB4750067F824 /* CopyFiles */,
			);
			buildRules = (
			);
			dependencies = (
			);
			name = SLAlertView;
			productName = SLAlertView;
			productReference = 2A832DE21ABAB4750067F824 /* libSLAlertView.a */;
			productType = "com.apple.product-type.library.static";
		};
/* End PBXNativeTarget section */

/* Begin PBXProject section */
		2A832DDA1ABAB4750067F824 /* Project object */ = {
			isa = PBXProject;
			attributes = {
				CLASSPREFIX = SL;
				LastUpgradeCheck = 0620;
				TargetAttributes = {
					2A832DE11ABAB4750067F824 = {
						CreatedOnToolsVersion = 6.2;
					};
				};
			};
			buildConfigurationList = 2A832DDD1ABAB4750067F824 /* Build configuration list for PBXProject "SLAlertView" */;
			compatibilityVersion = "Xcode 3.2";
			developmentRegion = English;
			hasScannedForEncodings = 0;
			knownRegions = (
				en,
			);
			mainGroup = 2A832DD91ABAB4750067F824;
			productRefGroup = 2A832DE31ABAB4750067F824 /* Products */;
			projectDirPath = "";
			projectRoot = "";
			targets = (
				2A832DE11ABAB4750067F824 /* SLAlertView */,
			);
		};
/* End PBXProject section */

/* Begin PBXSourcesBuildPhase section */
		2A832DDE1ABAB4750067F824 /* Sources */ = {
			isa = PBXSourcesBuildPhase;
			buildActionMask = 2147483647;
			files = (
				2A2DA1F91ABBC71700D759EC /* SLAlertView.m in Sources */,
			);
			runOnlyForDeploymentPostprocessing = 0;
		};
/* End PBXSourcesBuildPhase section */

/* Begin XCBuildConfiguration section */
		2A832DF41ABAB4750067F824 /* Debug */ = {
			isa = XCBuildConfiguration;
			buildSettings = {
				ALWAYS_SEARCH_USER_PATHS = NO;
				CLANG_CXX_LANGUAGE_STANDARD = "gnu++0x";
				CLANG_CXX_LIBRARY = "libc++";
				CLANG_ENABLE_MODULES = YES;
				CLANG_ENABLE_OBJC_ARC = YES;
				CLANG_WARN_BOOL_CONVERSION = YES;
				CLANG_WARN_CONSTANT_CONVERSION = YES;
				CLANG_WARN_DIRECT_OBJC_ISA_USAGE = YES_ERROR;
				CLANG_WARN_EMPTY_BODY = YES;
				CLANG_WARN_ENUM_CONVERSION = YES;
				CLANG_WARN_INT_CONVERSION = YES;
				CLANG_WARN_OBJC_ROOT_CLASS = YES_ERROR;
				CLANG_WARN_UNREACHABLE_CODE = YES;
				CLANG_WARN__DUPLICATE_METHOD_MATCH = YES;
				COPY_PHASE_STRIP = NO;
				ENABLE_STRICT_OBJC_MSGSEND = YES;
				GCC_C_LANGUAGE_STANDARD = gnu99;
				GCC_DYNAMIC_NO_PIC = NO;
				GCC_OPTIMIZATION_LEVEL = 0;
				GCC_PREPROCESSOR_DEFINITIONS = (
					"DEBUG=1",
					"$(inherited)",
				);
				GCC_SYMBOLS_PRIVATE_EXTERN = NO;
				GCC_WARN_64_TO_32_BIT_CONVERSION = YES;
				GCC_WARN_ABOUT_RETURN_TYPE = YES_ERROR;
				GCC_WARN_UNDECLARED_SELECTOR = YES;
				GCC_WARN_UNINITIALIZED_AUTOS = YES_AGGRESSIVE;
				GCC_WARN_UNUSED_FUNCTION = YES;
				GCC_WARN_UNUSED_VARIABLE = YES;
				IPHONEOS_DEPLOYMENT_TARGET = 7.0;
				MTL_ENABLE_DEBUG_INFO = YES;
				ONLY_ACTIVE_ARCH = YES;
				SDKROOT = iphoneos;
			};
			name = Debug;
		};
		2A832DF51ABAB4750067F824 /* Release */ = {
			isa = XCBuildConfiguration;
			buildSettings = {
				ALWAYS_SEARCH_USER_PATHS = NO;
				CLANG_CXX_LANGUAGE_STANDARD = "gnu++0x";
				CLANG_CXX_LIBRARY = "libc++";
				CLANG_ENABLE_MODULES = YES;
				CLANG_ENABLE_OBJC_ARC = YES;
				CLANG_WARN_BOOL_CONVERSION = YES;
				CLANG_WARN_CONSTANT_CONVERSION = YES;
				CLANG_WARN_DIRECT_OBJC_ISA_USAGE = YES_ERROR;
				CLANG_WARN_EMPTY_BODY = YES;
				CLANG_WARN_ENUM_CONVERSION = YES;
				CLANG_WARN_INT_CONVERSION = YES;
				CLANG_WARN_OBJC_ROOT_CLASS = YES_ERROR;
				CLANG_WARN_UNREACHABLE_CODE = YES;
				CLANG_WARN__DUPLICATE_METHOD_MATCH = YES;
				COPY_PHASE_STRIP = NO;
				ENABLE_NS_ASSERTIONS = NO;
				ENABLE_STRICT_OBJC_MSGSEND = YES;
				GCC_C_LANGUAGE_STANDARD = gnu99;
				GCC_WARN_64_TO_32_BIT_CONVERSION = YES;
				GCC_WARN_ABOUT_RETURN_TYPE = YES_ERROR;
				GCC_WARN_UNDECLARED_SELECTOR = YES;
				GCC_WARN_UNINITIALIZED_AUTOS = YES_AGGRESSIVE;
				GCC_WARN_UNUSED_FUNCTION = YES;
				GCC_WARN_UNUSED_VARIABLE = YES;
				IPHONEOS_DEPLOYMENT_TARGET = 7.0;
				MTL_ENABLE_DEBUG_INFO = NO;
				SDKROOT = iphoneos;
				VALIDATE_PRODUCT = YES;
			};
			name = Release;
		};
		2A832DF71ABAB4750067F824 /* Debug */ = {
			isa = XCBuildConfiguration;
			buildSettings = {
				OTHER_LDFLAGS = "-ObjC";
				PRODUCT_NAME = "$(TARGET_NAME)";
				SKIP_INSTALL = YES;
			};
			name = Debug;
		};
		2A832DF81ABAB4750067F824 /* Release */ = {
			isa = XCBuildConfiguration;
			buildSettings = {
				OTHER_LDFLAGS = "-ObjC";
				PRODUCT_NAME = "$(TARGET_NAME)";
				SKIP_INSTALL = YES;
			};
			name = Release;
		};
/* End XCBuildConfiguration section */

/* Begin XCConfigurationList section */
		2A832DDD1ABAB4750067F824 /* Build configuration list for PBXProject "SLAlertView" */ = {
			isa = XCConfigurationList;
			buildConfigurations = (
				2A832DF41ABAB4750067F824 /* Debug */,
				2A832DF51ABAB4750067F824 /* Release */,
			);
			defaultConfigurationIsVisible = 0;
			defaultConfigurationName = Release;
		};
		2A832DF61ABAB4750067F824 /* Build configuration list for PBXNativeTarget "SLAlertView" */ = {
			isa = XCConfigurationList;
			buildConfigurations = (
				2A832DF71ABAB4750067F824 /* Debug */,
				2A832DF81ABAB4750067F824 /* Release */,
			);
			defaultConfigurationIsVisible = 0;
			defaultConfigurationName = Release;
		};
/* End XCConfigurationList section */
	};
	rootObject = 2A832DDA1ABAB4750067F824 /* Project object */;
}
